{
  "version": "4",
  "specifiers": {
    "jsr:@std/assert@*": "1.0.11",
    "jsr:@std/internal@^1.0.5": "1.0.5",
    "npm:@deno/kv@*": "0.9.0",
    "npm:bson@*": "6.10.2",
    "npm:bson@6.10.2": "6.10.2"
  },
  "jsr": {
    "@std/assert@1.0.11": {
      "integrity": "2461ef3c368fe88bc60e186e7744a93112f16fd110022e113a0849e94d1c83c1",
      "dependencies": [
        "jsr:@std/internal"
      ]
    },
    "@std/internal@1.0.5": {
      "integrity": "54a546004f769c1ac9e025abd15a76b6671ddc9687e2313b67376125650dc7ba"
    }
  },
  "npm": {
    "@deno/kv-darwin-arm64@0.9.0": {
      "integrity": "sha512-9o2typxowaiIW7TJFzbuDEIpmZA9/At+kO7ljgb+jEm16gBHtCkDt69TU4h0ZIMmHo7E9Mo+W84BeGdXkxUGcg=="
    },
    "@deno/kv-darwin-x64@0.9.0": {
      "integrity": "sha512-LxCNbOO3INW5VkhLviRLvQoiJtiNlgSvPZM5JwVQhu4dWNpuMI7Hl2cU1PB3mOwuYHdORnkj5BqChQRdRh4F0g=="
    },
    "@deno/kv-linux-x64-gnu@0.9.0": {
      "integrity": "sha512-DqhJdWD/mzb/WHHaL9QqsPZxuk/w1haWDnEOZ3rda704q/lJFkIBMBWBB8kDDbVphQ2WNVU0uKyAdxNYpUK8YQ=="
    },
    "@deno/kv-win32-x64-msvc@0.9.0": {
      "integrity": "sha512-yDLd0OY/7nOoUG8WypEOLIME0ZADqgG7ciKiL7hOy06ra1gR9AaZeacsZ2Df2SxSnuuOVJpxUhml+JRVx+LGpg=="
    },
    "@deno/kv@0.9.0": {
      "integrity": "sha512-NdnyNKpxH+Hjb/55v+qpLG39Tz/otlyl0FFaNCRcOtQfCmjRsJevoZugBR+d+O+/5PYmmj/fgfcpYgnukM1r5A==",
      "dependencies": [
        "@deno/kv-darwin-arm64",
        "@deno/kv-darwin-x64",
        "@deno/kv-linux-x64-gnu",
        "@deno/kv-win32-x64-msvc"
      ]
    },
    "bson@6.10.2": {
      "integrity": "sha512-5afhLTjqDSA3akH56E+/2J6kTDuSIlBxyXPdQslj9hcIgOUE378xdOfZvC/9q3LifJNI6KR/juZ+d0NRNYBwXg=="
    }
  },
  "workspace": {
    "dependencies": [
      "npm:bson@6.10.2"
    ]
  }
}
